<?xml version="1.0" encoding="utf-8"?>
<Project ToolsVersion="4.0" xmlns="http://schemas.microsoft.com/developer/msbuild/2003">
  <ItemGroup>
    <Filter Include="Source Files">
      <UniqueIdentifier>{4FC737F1-C7A5-4376-A066-2A32D752A2FF}</UniqueIdentifier>
      <Extensions>cpp;c;cc;cxx;def;odl;idl;hpj;bat;asm;asmx</Extensions>
    </Filter>
    <Filter Include="Header Files">
      <UniqueIdentifier>{93995380-89BD-4b04-88EB-625FBE52EBFB}</UniqueIdentifier>
      <Extensions>h;hh;hpp;hxx;hm;inl;inc;xsd</Extensions>
    </Filter>
    <Filter Include="Resource Files">
      <UniqueIdentifier>{67DA6AB6-F800-4c08-8B7A-83BB121AAD01}</UniqueIdentifier>
      <Extensions>rc;ico;cur;bmp;dlg;rc2;rct;bin;rgs;gif;jpg;jpeg;jpe;resx;tiff;tif;png;wav;mfcribbon-ms</Extensions>
    </Filter>
    <Filter Include="Header Files\Distributions">
      <UniqueIdentifier>{c1745952-f942-4b8a-88f5-855eb775e1cc}</UniqueIdentifier>
    </Filter>
    <Filter Include="Source Files\Distributions">
      <UniqueIdentifier>{b7f2c4cd-579f-40f2-b918-1c75810b2081}</UniqueIdentifier>
    </Filter>
    <Filter Include="Header Files\Intergrators">
      <UniqueIdentifier>{8d27b82c-3133-4e48-a2e8-abc013e4e353}</UniqueIdentifier>
    </Filter>
    <Filter Include="Source Files\Integrators">
      <UniqueIdentifier>{d5e3646a-39c2-4324-8c7d-634f848ac352}</UniqueIdentifier>
    </Filter>
  </ItemGroup>
  <ItemGroup>
    <ClCompile Include="..\..\Include\exception.cpp">
      <Filter>Source Files</Filter>
    </ClCompile>
    <ClCompile Include="ExponentialDistribution.cpp">
      <Filter>Source Files\Distributions</Filter>
    </ClCompile>
    <ClCompile Include="NormalDistribution.cpp">
      <Filter>Source Files\Distributions</Filter>
    </ClCompile>
    <ClCompile Include="EmpiricalDistribution.cpp">
      <Filter>Source Files\Distributions</Filter>
    </ClCompile>
    <ClCompile Include="TrapezoidalIntegrator.cpp">
      <Filter>Source Files\Integrators</Filter>
    </ClCompile>
    <ClCompile Include="FastEmpiricalDistribution.cpp">
      <Filter>Source Files\Distributions</Filter>
    </ClCompile>
  </ItemGroup>
  <ItemGroup>
    <ClInclude Include="IDistribution.h">
      <Filter>Header Files</Filter>
    </ClInclude>
    <ClInclude Include="ExponentialDistribution.h">
      <Filter>Header Files\Distributions</Filter>
    </ClInclude>
    <ClInclude Include="NormalDistribution.h">
      <Filter>Header Files\Distributions</Filter>
    </ClInclude>
    <ClInclude Include="EmpiricalDistribution.h">
      <Filter>Header Files\Distributions</Filter>
    </ClInclude>
    <ClInclude Include="IIntegrator.h">
      <Filter>Header Files</Filter>
    </ClInclude>
    <ClInclude Include="TrapezoidalIntegrator.h">
      <Filter>Header Files\Intergrators</Filter>
    </ClInclude>
    <ClInclude Include="FastEmpiricalDistribution.h">
      <Filter>Header Files\Distributions</Filter>
    </ClInclude>
  </ItemGroup>
</Project>