
Microsoft Visual Studio Solution File, Format Version 12.00
# Visual Studio 14
VisualStudioVersion = 14.0.24720.0
MinimumVisualStudioVersion = 10.0.40219.1
Project("{8BC9CEB8-8B4A-11D0-8D11-00A0C91BC942}") = "grid_generator", "table_generator\table_generator.vcxproj", "{EA73E99B-878E-454D-AC6D-048302CCB1C9}"
EndProject
Project("{8BC9CEB8-8B4A-11D0-8D11-00A0C91BC942}") = "launcher", "launcher\launcher.vcxproj", "{69AA8274-87DC-41E1-8104-08D4071D3D25}"
EndProject
Project("{8BC9CEB8-8B4A-11D0-8D11-00A0C91BC942}") = "grid_compressor", "grid_compressor\grid_compressor.vcxproj", "{33E2D4F9-D6FE-43DE-A2A6-FC751FD3BB0F}"
EndProject
Project("{8BC9CEB8-8B4A-11D0-8D11-00A0C91BC942}") = "distributions", "distributions\distributions.vcxproj", "{A191243A-D319-46EC-849B-508DF5B87323}"
EndProject
Project("{8BC9CEB8-8B4A-11D0-8D11-00A0C91BC942}") = "csv_reader", "csv_reader\csv_reader.vcxproj", "{859315A3-F76B-422F-9C78-E2A58223D83E}"
EndProject
Global
	GlobalSection(SolutionConfigurationPlatforms) = preSolution
		Debug|x64 = Debug|x64
		Debug|x86 = Debug|x86
		Release|x64 = Release|x64
		Release|x86 = Release|x86
	EndGlobalSection
	GlobalSection(ProjectConfigurationPlatforms) = postSolution
		{EA73E99B-878E-454D-AC6D-048302CCB1C9}.Debug|x64.ActiveCfg = Debug|x64
		{EA73E99B-878E-454D-AC6D-048302CCB1C9}.Debug|x64.Build.0 = Debug|x64
		{EA73E99B-878E-454D-AC6D-048302CCB1C9}.Debug|x86.ActiveCfg = Debug|Win32
		{EA73E99B-878E-454D-AC6D-048302CCB1C9}.Debug|x86.Build.0 = Debug|Win32
		{EA73E99B-878E-454D-AC6D-048302CCB1C9}.Release|x64.ActiveCfg = Release|x64
		{EA73E99B-878E-454D-AC6D-048302CCB1C9}.Release|x64.Build.0 = Release|x64
		{EA73E99B-878E-454D-AC6D-048302CCB1C9}.Release|x86.ActiveCfg = Release|Win32
		{EA73E99B-878E-454D-AC6D-048302CCB1C9}.Release|x86.Build.0 = Release|Win32
		{69AA8274-87DC-41E1-8104-08D4071D3D25}.Debug|x64.ActiveCfg = Debug|x64
		{69AA8274-87DC-41E1-8104-08D4071D3D25}.Debug|x64.Build.0 = Debug|x64
		{69AA8274-87DC-41E1-8104-08D4071D3D25}.Debug|x86.ActiveCfg = Debug|Win32
		{69AA8274-87DC-41E1-8104-08D4071D3D25}.Debug|x86.Build.0 = Debug|Win32
		{69AA8274-87DC-41E1-8104-08D4071D3D25}.Release|x64.ActiveCfg = Release|x64
		{69AA8274-87DC-41E1-8104-08D4071D3D25}.Release|x64.Build.0 = Release|x64
		{69AA8274-87DC-41E1-8104-08D4071D3D25}.Release|x86.ActiveCfg = Release|Win32
		{69AA8274-87DC-41E1-8104-08D4071D3D25}.Release|x86.Build.0 = Release|Win32
		{33E2D4F9-D6FE-43DE-A2A6-FC751FD3BB0F}.Debug|x64.ActiveCfg = Debug|x64
		{33E2D4F9-D6FE-43DE-A2A6-FC751FD3BB0F}.Debug|x64.Build.0 = Debug|x64
		{33E2D4F9-D6FE-43DE-A2A6-FC751FD3BB0F}.Debug|x86.ActiveCfg = Debug|Win32
		{33E2D4F9-D6FE-43DE-A2A6-FC751FD3BB0F}.Debug|x86.Build.0 = Debug|Win32
		{33E2D4F9-D6FE-43DE-A2A6-FC751FD3BB0F}.Release|x64.ActiveCfg = Release|x64
		{33E2D4F9-D6FE-43DE-A2A6-FC751FD3BB0F}.Release|x64.Build.0 = Release|x64
		{33E2D4F9-D6FE-43DE-A2A6-FC751FD3BB0F}.Release|x86.ActiveCfg = Release|Win32
		{33E2D4F9-D6FE-43DE-A2A6-FC751FD3BB0F}.Release|x86.Build.0 = Release|Win32
		{A191243A-D319-46EC-849B-508DF5B87323}.Debug|x64.ActiveCfg = Debug|x64
		{A191243A-D319-46EC-849B-508DF5B87323}.Debug|x64.Build.0 = Debug|x64
		{A191243A-D319-46EC-849B-508DF5B87323}.Debug|x86.ActiveCfg = Debug|Win32
		{A191243A-D319-46EC-849B-508DF5B87323}.Debug|x86.Build.0 = Debug|Win32
		{A191243A-D319-46EC-849B-508DF5B87323}.Release|x64.ActiveCfg = Release|x64
		{A191243A-D319-46EC-849B-508DF5B87323}.Release|x64.Build.0 = Release|x64
		{A191243A-D319-46EC-849B-508DF5B87323}.Release|x86.ActiveCfg = Release|Win32
		{A191243A-D319-46EC-849B-508DF5B87323}.Release|x86.Build.0 = Release|Win32
		{859315A3-F76B-422F-9C78-E2A58223D83E}.Debug|x64.ActiveCfg = Debug|x64
		{859315A3-F76B-422F-9C78-E2A58223D83E}.Debug|x64.Build.0 = Debug|x64
		{859315A3-F76B-422F-9C78-E2A58223D83E}.Debug|x86.ActiveCfg = Debug|Win32
		{859315A3-F76B-422F-9C78-E2A58223D83E}.Debug|x86.Build.0 = Debug|Win32
		{859315A3-F76B-422F-9C78-E2A58223D83E}.Release|x64.ActiveCfg = Release|x64
		{859315A3-F76B-422F-9C78-E2A58223D83E}.Release|x64.Build.0 = Release|x64
		{859315A3-F76B-422F-9C78-E2A58223D83E}.Release|x86.ActiveCfg = Release|Win32
		{859315A3-F76B-422F-9C78-E2A58223D83E}.Release|x86.Build.0 = Release|Win32
	EndGlobalSection
	GlobalSection(SolutionProperties) = preSolution
		HideSolutionNode = FALSE
	EndGlobalSection
EndGlobal
