<?xml version="1.0" encoding="utf-8"?>
<Project ToolsVersion="4.0" xmlns="http://schemas.microsoft.com/developer/msbuild/2003">
  <ItemGroup>
    <Filter Include="Source Files">
      <UniqueIdentifier>{4FC737F1-C7A5-4376-A066-2A32D752A2FF}</UniqueIdentifier>
      <Extensions>cpp;c;cc;cxx;def;odl;idl;hpj;bat;asm;asmx</Extensions>
    </Filter>
    <Filter Include="Header Files">
      <UniqueIdentifier>{93995380-89BD-4b04-88EB-625FBE52EBFB}</UniqueIdentifier>
      <Extensions>h;hh;hpp;hxx;hm;inl;inc;xsd</Extensions>
    </Filter>
    <Filter Include="Resource Files">
      <UniqueIdentifier>{67DA6AB6-F800-4c08-8B7A-83BB121AAD01}</UniqueIdentifier>
      <Extensions>rc;ico;cur;bmp;dlg;rc2;rct;bin;rgs;gif;jpg;jpeg;jpe;resx;tiff;tif;png;wav;mfcribbon-ms</Extensions>
    </Filter>
    <Filter Include="Header Files\arithmetic_coding">
      <UniqueIdentifier>{77ecb7cb-5b1f-4384-b607-e988701fe7f3}</UniqueIdentifier>
    </Filter>
    <Filter Include="Header Files\huffman">
      <UniqueIdentifier>{894f5b48-fbca-46f8-b55a-b5e6e8911033}</UniqueIdentifier>
    </Filter>
    <Filter Include="Source Files\huffman">
      <UniqueIdentifier>{5247e343-a8be-41c7-a316-d33678c9bb9d}</UniqueIdentifier>
    </Filter>
    <Filter Include="Source Files\arithmetic_coding">
      <UniqueIdentifier>{100107b7-be3c-4ea7-820b-ccbd0f392fc1}</UniqueIdentifier>
    </Filter>
  </ItemGroup>
  <ItemGroup>
    <ClInclude Include="Quantizer.h">
      <Filter>Header Files</Filter>
    </ClInclude>
    <ClInclude Include="ICompressor.h">
      <Filter>Header Files</Filter>
    </ClInclude>
    <ClInclude Include="TreeNode.h">
      <Filter>Header Files\huffman</Filter>
    </ClInclude>
    <ClInclude Include="HuffmanCompressor.h">
      <Filter>Header Files\huffman</Filter>
    </ClInclude>
    <ClInclude Include="IBinaryOutputStream.h">
      <Filter>Header Files</Filter>
    </ClInclude>
    <ClInclude Include="FileOutputStream.h">
      <Filter>Header Files</Filter>
    </ClInclude>
    <ClInclude Include="IBinaryInputStream.h">
      <Filter>Header Files</Filter>
    </ClInclude>
    <ClInclude Include="FileInputStream.h">
      <Filter>Header Files</Filter>
    </ClInclude>
    <ClInclude Include="ModularArithmeticCompressor.h">
      <Filter>Header Files\arithmetic_coding</Filter>
    </ClInclude>
    <ClInclude Include="utilities.h">
      <Filter>Header Files</Filter>
    </ClInclude>
    <ClInclude Include="IBinaryStream.h">
      <Filter>Header Files</Filter>
    </ClInclude>
  </ItemGroup>
  <ItemGroup>
    <ClCompile Include="Quantizer.cpp">
      <Filter>Source Files</Filter>
    </ClCompile>
    <ClCompile Include="FileOutputStream.cpp">
      <Filter>Source Files</Filter>
    </ClCompile>
    <ClCompile Include="FileInputStream.cpp">
      <Filter>Source Files</Filter>
    </ClCompile>
    <ClCompile Include="HuffmanCompressor.cpp">
      <Filter>Source Files\huffman</Filter>
    </ClCompile>
    <ClCompile Include="ModularArithmeticCompressor.cpp">
      <Filter>Source Files\arithmetic_coding</Filter>
    </ClCompile>
    <ClCompile Include="..\..\Include\RoughGrid.cpp">
      <Filter>Source Files</Filter>
    </ClCompile>
    <ClCompile Include="..\..\Include\RoughMetadata.cpp">
      <Filter>Source Files</Filter>
    </ClCompile>
  </ItemGroup>
</Project>